
Microsoft Visual Studio Solution File, Format Version 12.00
# Visual Studio Version 17
VisualStudioVersion = 17.7.34003.232
MinimumVisualStudioVersion = 10.0.40219.1
Project("{FAE04EC0-301F-11D3-BF4B-00C04F79EFBC}") = "PasswordManager", "PasswordManager\PasswordManager.csproj", "{95837075-AFAB-4BD5-80BB-6AA5B0C49740}"
EndProject
Global
	GlobalSection(SolutionConfigurationPlatforms) = preSolution
		Debug|Any CPU = Debug|Any CPU
		Release|Any CPU = Release|Any CPU
	EndGlobalSection
	GlobalSection(ProjectConfigurationPlatforms) = postSolution
		{95837075-AFAB-4BD5-80BB-6AA5B0C49740}.Debug|Any CPU.ActiveCfg = Debug|Any CPU
		{95837075-AFAB-4BD5-80BB-6AA5B0C49740}.Debug|Any CPU.Build.0 = Debug|Any CPU
		{95837075-AFAB-4BD5-80BB-6AA5B0C49740}.Release|Any CPU.ActiveCfg = Release|Any CPU
		{95837075-AFAB-4BD5-80BB-6AA5B0C49740}.Release|Any CPU.Build.0 = Release|Any CPU
	EndGlobalSection
	GlobalSection(SolutionProperties) = preSolution
		HideSolutionNode = FALSE
	EndGlobalSection
	GlobalSection(ExtensibilityGlobals) = postSolution
		SolutionGuid = {CAE2EAC3-1B03-48D2-936C-A6294E827021}
	EndGlobalSection
EndGlobal
